PODS:
  - MBProgressHUD (0.9.2)
  - PhoneNumberKit (0.8.5):
    - PhoneNumberKit/PhoneNumberKitCore (= 0.8.5)
    - PhoneNumberKit/UIKit (= 0.8.5)
  - PhoneNumberKit/PhoneNumberKitCore (0.8.5)
  - PhoneNumberKit/UIKit (0.8.5):
    - PhoneNumberKit/PhoneNumberKitCore
  - Pulsator (0.2.0)

DEPENDENCIES:
  - MBProgressHUD (~> 0.9.2)
  - PhoneNumberKit (~> 0.7)
  - Pulsator

SPEC CHECKSUMS:
  MBProgressHUD: 1569cf7ace17a8bac47aabfbb8580a49690386d1
  PhoneNumberKit: 5668a7af19d2e566d92831a632ee80f5047eff75
  Pulsator: 0df1d24c09354555be8f4c386ba7c4df297690eb

PODFILE CHECKSUM: 5ffa421e44f1076fbd4f7045934f864f27f68841

COCOAPODS: 1.0.0
