// !$*UTF8*$!
{
	archiveVersion = 1;
	classes = {
	};
	objectVersion = 46;
	objects = {

/* Begin PBXBuildFile section */
		66160E681CB8A10A003A87AC /* UIViewController+JH.swift in Sources */ = {isa = PBXBuildFile; fileRef = 66160E671CB8A10A003A87AC /* UIViewController+JH.swift */; };
		66695E8E1CB61B80006E5489 /* SDGContactsController.swift in Sources */ = {isa = PBXBuildFile; fileRef = 66695E8D1CB61B80006E5489 /* SDGContactsController.swift */; };
		66695E921CB64D52006E5489 /* Contacts.framework in Frameworks */ = {isa = PBXBuildFile; fileRef = 66695E911CB64D52006E5489 /* Contacts.framework */; };
		66695E941CB64D5A006E5489 /* ContactsUI.framework in Frameworks */ = {isa = PBXBuildFile; fileRef = 66695E931CB64D5A006E5489 /* ContactsUI.framework */; };
		66695E981CB792A8006E5489 /* SDGBluetoothManager.swift in Sources */ = {isa = PBXBuildFile; fileRef = 66695E971CB792A8006E5489 /* SDGBluetoothManager.swift */; };
		667306291CD1AFE400FC3DDD /* SettingsViewController.swift in Sources */ = {isa = PBXBuildFile; fileRef = 667306281CD1AFE400FC3DDD /* SettingsViewController.swift */; };
		6673062C1CD1BA2400FC3DDD /* SimulationTableViewCell.swift in Sources */ = {isa = PBXBuildFile; fileRef = 6673062B1CD1BA2400FC3DDD /* SimulationTableViewCell.swift */; };
		667AFE861CCB105100D0DDE7 /* SDGTests.swift in Sources */ = {isa = PBXBuildFile; fileRef = 667AFE851CCB105100D0DDE7 /* SDGTests.swift */; };
		667B4FE71CCEFBE500B1B993 /* SDGConnection.swift in Sources */ = {isa = PBXBuildFile; fileRef = 667B4FE61CCEFBE500B1B993 /* SDGConnection.swift */; };
		667B4FE91CCF0E6400B1B993 /* HistoryTableViewCell.swift in Sources */ = {isa = PBXBuildFile; fileRef = 667B4FE81CCF0E6400B1B993 /* HistoryTableViewCell.swift */; };
		667B4FEB1CCF11BA00B1B993 /* HistoryViewController.swift in Sources */ = {isa = PBXBuildFile; fileRef = 667B4FEA1CCF11BA00B1B993 /* HistoryViewController.swift */; };
		6686B9DB1CD2FA4600FF1B4B /* 7.png in Resources */ = {isa = PBXBuildFile; fileRef = 6686B9D41CD2FA4600FF1B4B /* 7.png */; };
		6686B9DC1CD2FA4600FF1B4B /* 6.png in Resources */ = {isa = PBXBuildFile; fileRef = 6686B9D51CD2FA4600FF1B4B /* 6.png */; };
		6686B9DD1CD2FA4600FF1B4B /* 5.png in Resources */ = {isa = PBXBuildFile; fileRef = 6686B9D61CD2FA4600FF1B4B /* 5.png */; };
		6686B9DE1CD2FA4600FF1B4B /* 4.png in Resources */ = {isa = PBXBuildFile; fileRef = 6686B9D71CD2FA4600FF1B4B /* 4.png */; };
		6686B9DF1CD2FA4600FF1B4B /* 3.png in Resources */ = {isa = PBXBuildFile; fileRef = 6686B9D81CD2FA4600FF1B4B /* 3.png */; };
		6686B9E01CD2FA4600FF1B4B /* 2.png in Resources */ = {isa = PBXBuildFile; fileRef = 6686B9D91CD2FA4600FF1B4B /* 2.png */; };
		6686B9E11CD2FA4600FF1B4B /* 1.png in Resources */ = {isa = PBXBuildFile; fileRef = 6686B9DA1CD2FA4600FF1B4B /* 1.png */; };
		6686B9E31CD2FA8900FF1B4B /* TutorialViewController.swift in Sources */ = {isa = PBXBuildFile; fileRef = 6686B9E21CD2FA8900FF1B4B /* TutorialViewController.swift */; };
		6686B9E51CD2FEDD00FF1B4B /* TutorialCollectionViewCell.swift in Sources */ = {isa = PBXBuildFile; fileRef = 6686B9E41CD2FEDD00FF1B4B /* TutorialCollectionViewCell.swift */; };
		668990F21CC22BE2001C6CB3 /* UserCollectionViewCell.swift in Sources */ = {isa = PBXBuildFile; fileRef = 668990F11CC22BE2001C6CB3 /* UserCollectionViewCell.swift */; };
		668990F41CC23521001C6CB3 /* UIColor+JH.swift in Sources */ = {isa = PBXBuildFile; fileRef = 668990F31CC23521001C6CB3 /* UIColor+JH.swift */; };
		669C27C81CAF695200F6E08B /* LocateViewController.swift in Sources */ = {isa = PBXBuildFile; fileRef = 669C27C71CAF695200F6E08B /* LocateViewController.swift */; };
		669C27CB1CAF6B7400F6E08B /* SDGUser.swift in Sources */ = {isa = PBXBuildFile; fileRef = 669C27CA1CAF6B7400F6E08B /* SDGUser.swift */; };
		66C801441CA977F7002C642A /* AppDelegate.swift in Sources */ = {isa = PBXBuildFile; fileRef = 66C801431CA977F7002C642A /* AppDelegate.swift */; };
		66C801491CA977F7002C642A /* Main.storyboard in Resources */ = {isa = PBXBuildFile; fileRef = 66C801471CA977F7002C642A /* Main.storyboard */; };
		66C8014C1CA977F7002C642A /* SixDegrees.xcdatamodeld in Sources */ = {isa = PBXBuildFile; fileRef = 66C8014A1CA977F7002C642A /* SixDegrees.xcdatamodeld */; };
		66C801511CA977F7002C642A /* LaunchScreen.storyboard in Resources */ = {isa = PBXBuildFile; fileRef = 66C8014F1CA977F7002C642A /* LaunchScreen.storyboard */; };
		66C801671CA97CD1002C642A /* Assets.xcassets in Resources */ = {isa = PBXBuildFile; fileRef = 66C801661CA97CD1002C642A /* Assets.xcassets */; };
		66C801691CA97DA7002C642A /* UserIconView.swift in Sources */ = {isa = PBXBuildFile; fileRef = 66C801681CA97DA7002C642A /* UserIconView.swift */; };
		66E633321CD340FB0047B8E0 /* CenterCellCollectionViewFlowLayout.swift in Sources */ = {isa = PBXBuildFile; fileRef = 66E633311CD340FB0047B8E0 /* CenterCellCollectionViewFlowLayout.swift */; };
		66E6F3531CC7948700FA4BFF /* ConnectionsViewController.swift in Sources */ = {isa = PBXBuildFile; fileRef = 66E6F3521CC7948700FA4BFF /* ConnectionsViewController.swift */; };
		FCDDD26EF4B3DBF172201943 /* Pods_SixDegreesTests.framework in Frameworks */ = {isa = PBXBuildFile; fileRef = 5E8B7665CD1EC1C46D89E1AA /* Pods_SixDegreesTests.framework */; };
		FFE4E97B26917670587256C3 /* Pods_SixDegrees.framework in Frameworks */ = {isa = PBXBuildFile; fileRef = DB9837CA7B414EB4F4392969 /* Pods_SixDegrees.framework */; };
/* End PBXBuildFile section */

/* Begin PBXContainerItemProxy section */
		66C801581CA977F7002C642A /* PBXContainerItemProxy */ = {
			isa = PBXContainerItemProxy;
			containerPortal = 66C801381CA977F7002C642A /* Project object */;
			proxyType = 1;
			remoteGlobalIDString = 66C8013F1CA977F7002C642A;
			remoteInfo = SixDegrees;
		};
/* End PBXContainerItemProxy section */

/* Begin PBXFileReference section */
		316129CB6F0D9E1E2F3A6F2C /* Pods-SixDegrees.release.xcconfig */ = {isa = PBXFileReference; includeInIndex = 1; lastKnownFileType = text.xcconfig; name = "Pods-SixDegrees.release.xcconfig"; path = "Pods/Target Support Files/Pods-SixDegrees/Pods-SixDegrees.release.xcconfig"; sourceTree = "<group>"; };
		49C297B79FACF06E5BB313B3 /* Pods-SixDegreesTests.release.xcconfig */ = {isa = PBXFileReference; includeInIndex = 1; lastKnownFileType = text.xcconfig; name = "Pods-SixDegreesTests.release.xcconfig"; path = "Pods/Target Support Files/Pods-SixDegreesTests/Pods-SixDegreesTests.release.xcconfig"; sourceTree = "<group>"; };
		5A5C0FD86EDD8431BBAD6171 /* Pods-SixDegreesTests.debug.xcconfig */ = {isa = PBXFileReference; includeInIndex = 1; lastKnownFileType = text.xcconfig; name = "Pods-SixDegreesTests.debug.xcconfig"; path = "Pods/Target Support Files/Pods-SixDegreesTests/Pods-SixDegreesTests.debug.xcconfig"; sourceTree = "<group>"; };
		5E8B7665CD1EC1C46D89E1AA /* Pods_SixDegreesTests.framework */ = {isa = PBXFileReference; explicitFileType = wrapper.framework; includeInIndex = 0; path = Pods_SixDegreesTests.framework; sourceTree = BUILT_PRODUCTS_DIR; };
		66160E671CB8A10A003A87AC /* UIViewController+JH.swift */ = {isa = PBXFileReference; fileEncoding = 4; lastKnownFileType = sourcecode.swift; path = "UIViewController+JH.swift"; sourceTree = "<group>"; };
		66695E891CB61A77006E5489 /* AddressBook.framework */ = {isa = PBXFileReference; lastKnownFileType = wrapper.framework; name = AddressBook.framework; path = System/Library/Frameworks/AddressBook.framework; sourceTree = SDKROOT; };
		66695E8B1CB61A7A006E5489 /* AddressBookUI.framework */ = {isa = PBXFileReference; lastKnownFileType = wrapper.framework; name = AddressBookUI.framework; path = System/Library/Frameworks/AddressBookUI.framework; sourceTree = SDKROOT; };
		66695E8D1CB61B80006E5489 /* SDGContactsController.swift */ = {isa = PBXFileReference; fileEncoding = 4; lastKnownFileType = sourcecode.swift; path = SDGContactsController.swift; sourceTree = "<group>"; };
		66695E911CB64D52006E5489 /* Contacts.framework */ = {isa = PBXFileReference; lastKnownFileType = wrapper.framework; name = Contacts.framework; path = System/Library/Frameworks/Contacts.framework; sourceTree = SDKROOT; };
		66695E931CB64D5A006E5489 /* ContactsUI.framework */ = {isa = PBXFileReference; lastKnownFileType = wrapper.framework; name = ContactsUI.framework; path = System/Library/Frameworks/ContactsUI.framework; sourceTree = SDKROOT; };
		66695E971CB792A8006E5489 /* SDGBluetoothManager.swift */ = {isa = PBXFileReference; fileEncoding = 4; lastKnownFileType = sourcecode.swift; path = SDGBluetoothManager.swift; sourceTree = "<group>"; };
		667306281CD1AFE400FC3DDD /* SettingsViewController.swift */ = {isa = PBXFileReference; fileEncoding = 4; lastKnownFileType = sourcecode.swift; path = SettingsViewController.swift; sourceTree = "<group>"; };
		6673062B1CD1BA2400FC3DDD /* SimulationTableViewCell.swift */ = {isa = PBXFileReference; fileEncoding = 4; lastKnownFileType = sourcecode.swift; path = SimulationTableViewCell.swift; sourceTree = "<group>"; };
		667AFE851CCB105100D0DDE7 /* SDGTests.swift */ = {isa = PBXFileReference; fileEncoding = 4; lastKnownFileType = sourcecode.swift; path = SDGTests.swift; sourceTree = "<group>"; };
		667B4FE61CCEFBE500B1B993 /* SDGConnection.swift */ = {isa = PBXFileReference; fileEncoding = 4; lastKnownFileType = sourcecode.swift; path = SDGConnection.swift; sourceTree = "<group>"; };
		667B4FE81CCF0E6400B1B993 /* HistoryTableViewCell.swift */ = {isa = PBXFileReference; fileEncoding = 4; lastKnownFileType = sourcecode.swift; path = HistoryTableViewCell.swift; sourceTree = "<group>"; };
		667B4FEA1CCF11BA00B1B993 /* HistoryViewController.swift */ = {isa = PBXFileReference; fileEncoding = 4; lastKnownFileType = sourcecode.swift; path = HistoryViewController.swift; sourceTree = "<group>"; };
		6686B9D41CD2FA4600FF1B4B /* 7.png */ = {isa = PBXFileReference; lastKnownFileType = image.png; path = 7.png; sourceTree = "<group>"; };
		6686B9D51CD2FA4600FF1B4B /* 6.png */ = {isa = PBXFileReference; lastKnownFileType = image.png; path = 6.png; sourceTree = "<group>"; };
		6686B9D61CD2FA4600FF1B4B /* 5.png */ = {isa = PBXFileReference; lastKnownFileType = image.png; path = 5.png; sourceTree = "<group>"; };
		6686B9D71CD2FA4600FF1B4B /* 4.png */ = {isa = PBXFileReference; lastKnownFileType = image.png; path = 4.png; sourceTree = "<group>"; };
		6686B9D81CD2FA4600FF1B4B /* 3.png */ = {isa = PBXFileReference; lastKnownFileType = image.png; path = 3.png; sourceTree = "<group>"; };
		6686B9D91CD2FA4600FF1B4B /* 2.png */ = {isa = PBXFileReference; lastKnownFileType = image.png; path = 2.png; sourceTree = "<group>"; };
		6686B9DA1CD2FA4600FF1B4B /* 1.png */ = {isa = PBXFileReference; lastKnownFileType = image.png; path = 1.png; sourceTree = "<group>"; };
		6686B9E21CD2FA8900FF1B4B /* TutorialViewController.swift */ = {isa = PBXFileReference; fileEncoding = 4; lastKnownFileType = sourcecode.swift; path = TutorialViewController.swift; sourceTree = "<group>"; };
		6686B9E41CD2FEDD00FF1B4B /* TutorialCollectionViewCell.swift */ = {isa = PBXFileReference; fileEncoding = 4; lastKnownFileType = sourcecode.swift; path = TutorialCollectionViewCell.swift; sourceTree = "<group>"; };
		668990F11CC22BE2001C6CB3 /* UserCollectionViewCell.swift */ = {isa = PBXFileReference; fileEncoding = 4; lastKnownFileType = sourcecode.swift; path = UserCollectionViewCell.swift; sourceTree = "<group>"; };
		668990F31CC23521001C6CB3 /* UIColor+JH.swift */ = {isa = PBXFileReference; fileEncoding = 4; lastKnownFileType = sourcecode.swift; path = "UIColor+JH.swift"; sourceTree = "<group>"; };
		669C27C71CAF695200F6E08B /* LocateViewController.swift */ = {isa = PBXFileReference; fileEncoding = 4; lastKnownFileType = sourcecode.swift; path = LocateViewController.swift; sourceTree = "<group>"; };
		669C27CA1CAF6B7400F6E08B /* SDGUser.swift */ = {isa = PBXFileReference; fileEncoding = 4; lastKnownFileType = sourcecode.swift; path = SDGUser.swift; sourceTree = "<group>"; };
		66C801401CA977F7002C642A /* SixDegrees.app */ = {isa = PBXFileReference; explicitFileType = wrapper.application; includeInIndex = 0; path = SixDegrees.app; sourceTree = BUILT_PRODUCTS_DIR; };
		66C801431CA977F7002C642A /* AppDelegate.swift */ = {isa = PBXFileReference; lastKnownFileType = sourcecode.swift; path = AppDelegate.swift; sourceTree = "<group>"; };
		66C801481CA977F7002C642A /* Base */ = {isa = PBXFileReference; lastKnownFileType = file.storyboard; name = Base; path = Base.lproj/Main.storyboard; sourceTree = "<group>"; };
		66C8014B1CA977F7002C642A /* SixDegrees.xcdatamodel */ = {isa = PBXFileReference; lastKnownFileType = wrapper.xcdatamodel; path = SixDegrees.xcdatamodel; sourceTree = "<group>"; };
		66C801501CA977F7002C642A /* Base */ = {isa = PBXFileReference; lastKnownFileType = file.storyboard; name = Base; path = Base.lproj/LaunchScreen.storyboard; sourceTree = "<group>"; };
		66C801521CA977F7002C642A /* Info.plist */ = {isa = PBXFileReference; lastKnownFileType = text.plist.xml; path = Info.plist; sourceTree = "<group>"; };
		66C801571CA977F7002C642A /* SixDegreesTests.xctest */ = {isa = PBXFileReference; explicitFileType = wrapper.cfbundle; includeInIndex = 0; path = SixDegreesTests.xctest; sourceTree = BUILT_PRODUCTS_DIR; };
		66C8015D1CA977F7002C642A /* Info.plist */ = {isa = PBXFileReference; lastKnownFileType = text.plist.xml; path = Info.plist; sourceTree = "<group>"; };
		66C801661CA97CD1002C642A /* Assets.xcassets */ = {isa = PBXFileReference; lastKnownFileType = folder.assetcatalog; path = Assets.xcassets; sourceTree = "<group>"; };
		66C801681CA97DA7002C642A /* UserIconView.swift */ = {isa = PBXFileReference; fileEncoding = 4; lastKnownFileType = sourcecode.swift; path = UserIconView.swift; sourceTree = "<group>"; };
		66E633311CD340FB0047B8E0 /* CenterCellCollectionViewFlowLayout.swift */ = {isa = PBXFileReference; fileEncoding = 4; lastKnownFileType = sourcecode.swift; path = CenterCellCollectionViewFlowLayout.swift; sourceTree = "<group>"; };
		66E6F3521CC7948700FA4BFF /* ConnectionsViewController.swift */ = {isa = PBXFileReference; fileEncoding = 4; lastKnownFileType = sourcecode.swift; path = ConnectionsViewController.swift; sourceTree = "<group>"; };
		7504CECBD460E0DA98E77669 /* Pods-SixDegrees.debug.xcconfig */ = {isa = PBXFileReference; includeInIndex = 1; lastKnownFileType = text.xcconfig; name = "Pods-SixDegrees.debug.xcconfig"; path = "Pods/Target Support Files/Pods-SixDegrees/Pods-SixDegrees.debug.xcconfig"; sourceTree = "<group>"; };
		DB9837CA7B414EB4F4392969 /* Pods_SixDegrees.framework */ = {isa = PBXFileReference; explicitFileType = wrapper.framework; includeInIndex = 0; path = Pods_SixDegrees.framework; sourceTree = BUILT_PRODUCTS_DIR; };
		E5EA12C7748DF44D08CFA0C7 /* Pods.framework */ = {isa = PBXFileReference; explicitFileType = wrapper.framework; includeInIndex = 0; path = Pods.framework; sourceTree = BUILT_PRODUCTS_DIR; };
/* End PBXFileReference section */

/* Begin PBXFrameworksBuildPhase section */
		66C8013D1CA977F7002C642A /* Frameworks */ = {
			isa = PBXFrameworksBuildPhase;
			buildActionMask = 2147483647;
			files = (
				66695E941CB64D5A006E5489 /* ContactsUI.framework in Frameworks */,
				66695E921CB64D52006E5489 /* Contacts.framework in Frameworks */,
				FFE4E97B26917670587256C3 /* Pods_SixDegrees.framework in Frameworks */,
			);
			runOnlyForDeploymentPostprocessing = 0;
		};
		66C801541CA977F7002C642A /* Frameworks */ = {
			isa = PBXFrameworksBuildPhase;
			buildActionMask = 2147483647;
			files = (
				FCDDD26EF4B3DBF172201943 /* Pods_SixDegreesTests.framework in Frameworks */,
			);
			runOnlyForDeploymentPostprocessing = 0;
		};
/* End PBXFrameworksBuildPhase section */

/* Begin PBXGroup section */
		00D047B8728E08844B7E415E /* Frameworks */ = {
			isa = PBXGroup;
			children = (
				66695E931CB64D5A006E5489 /* ContactsUI.framework */,
				66695E911CB64D52006E5489 /* Contacts.framework */,
				66695E8B1CB61A7A006E5489 /* AddressBookUI.framework */,
				66695E891CB61A77006E5489 /* AddressBook.framework */,
				E5EA12C7748DF44D08CFA0C7 /* Pods.framework */,
				DB9837CA7B414EB4F4392969 /* Pods_SixDegrees.framework */,
				5E8B7665CD1EC1C46D89E1AA /* Pods_SixDegreesTests.framework */,
			);
			name = Frameworks;
			sourceTree = "<group>";
		};
		66160E661CB8A0FA003A87AC /* Utils */ = {
			isa = PBXGroup;
			children = (
				66160E671CB8A10A003A87AC /* UIViewController+JH.swift */,
				668990F31CC23521001C6CB3 /* UIColor+JH.swift */,
			);
			name = Utils;
			sourceTree = "<group>";
		};
		6673062A1CD1BA0A00FC3DDD /* Settings */ = {
			isa = PBXGroup;
			children = (
				667306281CD1AFE400FC3DDD /* SettingsViewController.swift */,
				6673062B1CD1BA2400FC3DDD /* SimulationTableViewCell.swift */,
			);
			name = Settings;
			sourceTree = "<group>";
		};
		6673062D1CD1BDD400FC3DDD /* History */ = {
			isa = PBXGroup;
			children = (
				667B4FEA1CCF11BA00B1B993 /* HistoryViewController.swift */,
				667B4FE81CCF0E6400B1B993 /* HistoryTableViewCell.swift */,
			);
			name = History;
			sourceTree = "<group>";
		};
		6673062E1CD1BDE400FC3DDD /* Connection */ = {
			isa = PBXGroup;
			children = (
				669C27C71CAF695200F6E08B /* LocateViewController.swift */,
				66E6F3521CC7948700FA4BFF /* ConnectionsViewController.swift */,
			);
			name = Connection;
			sourceTree = "<group>";
		};
		6686B9D21CD2FA2800FF1B4B /* Tutorial */ = {
			isa = PBXGroup;
			children = (
				6686B9E21CD2FA8900FF1B4B /* TutorialViewController.swift */,
				6686B9E41CD2FEDD00FF1B4B /* TutorialCollectionViewCell.swift */,
				66E633311CD340FB0047B8E0 /* CenterCellCollectionViewFlowLayout.swift */,
				6686B9D31CD2FA3C00FF1B4B /* Assets */,
			);
			name = Tutorial;
			sourceTree = "<group>";
		};
		6686B9D31CD2FA3C00FF1B4B /* Assets */ = {
			isa = PBXGroup;
			children = (
				6686B9D41CD2FA4600FF1B4B /* 7.png */,
				6686B9D51CD2FA4600FF1B4B /* 6.png */,
				6686B9D61CD2FA4600FF1B4B /* 5.png */,
				6686B9D71CD2FA4600FF1B4B /* 4.png */,
				6686B9D81CD2FA4600FF1B4B /* 3.png */,
				6686B9D91CD2FA4600FF1B4B /* 2.png */,
				6686B9DA1CD2FA4600FF1B4B /* 1.png */,
			);
			name = Assets;
			sourceTree = "<group>";
		};
		669C27C31CAF66EA00F6E08B /* ViewControllers */ = {
			isa = PBXGroup;
			children = (
				66C801681CA97DA7002C642A /* UserIconView.swift */,
				668990F11CC22BE2001C6CB3 /* UserCollectionViewCell.swift */,
				6673062E1CD1BDE400FC3DDD /* Connection */,
				6673062D1CD1BDD400FC3DDD /* History */,
				6673062A1CD1BA0A00FC3DDD /* Settings */,
				6686B9D21CD2FA2800FF1B4B /* Tutorial */,
			);
			path = ViewControllers;
			sourceTree = "<group>";
		};
		669C27C41CAF68E100F6E08B /* Controllers */ = {
			isa = PBXGroup;
			children = (
				66695E8D1CB61B80006E5489 /* SDGContactsController.swift */,
				66695E971CB792A8006E5489 /* SDGBluetoothManager.swift */,
			);
			path = Controllers;
			sourceTree = "<group>";
		};
		669C27C91CAF6B5A00F6E08B /* Model */ = {
			isa = PBXGroup;
			children = (
				669C27CA1CAF6B7400F6E08B /* SDGUser.swift */,
				667B4FE61CCEFBE500B1B993 /* SDGConnection.swift */,
			);
			path = Model;
			sourceTree = "<group>";
		};
		66C801371CA977F7002C642A = {
			isa = PBXGroup;
			children = (
				66C801421CA977F7002C642A /* SixDegrees */,
				66C8015A1CA977F7002C642A /* SixDegreesTests */,
				66C801411CA977F7002C642A /* Products */,
				00D047B8728E08844B7E415E /* Frameworks */,
				A60DDB7582D907CE486D45C5 /* Pods */,
			);
			sourceTree = "<group>";
		};
		66C801411CA977F7002C642A /* Products */ = {
			isa = PBXGroup;
			children = (
				66C801401CA977F7002C642A /* SixDegrees.app */,
				66C801571CA977F7002C642A /* SixDegreesTests.xctest */,
			);
			name = Products;
			sourceTree = "<group>";
		};
		66C801421CA977F7002C642A /* SixDegrees */ = {
			isa = PBXGroup;
			children = (
				66C801661CA97CD1002C642A /* Assets.xcassets */,
				66C801431CA977F7002C642A /* AppDelegate.swift */,
				669C27C91CAF6B5A00F6E08B /* Model */,
				66160E661CB8A0FA003A87AC /* Utils */,
				669C27C41CAF68E100F6E08B /* Controllers */,
				669C27C31CAF66EA00F6E08B /* ViewControllers */,
				66C801471CA977F7002C642A /* Main.storyboard */,
				66C8014F1CA977F7002C642A /* LaunchScreen.storyboard */,
				66C801521CA977F7002C642A /* Info.plist */,
				66C8014A1CA977F7002C642A /* SixDegrees.xcdatamodeld */,
			);
			path = SixDegrees;
			sourceTree = "<group>";
		};
		66C8015A1CA977F7002C642A /* SixDegreesTests */ = {
			isa = PBXGroup;
			children = (
				667AFE851CCB105100D0DDE7 /* SDGTests.swift */,
				66C8015D1CA977F7002C642A /* Info.plist */,
			);
			path = SixDegreesTests;
			sourceTree = "<group>";
		};
		A60DDB7582D907CE486D45C5 /* Pods */ = {
			isa = PBXGroup;
			children = (
				7504CECBD460E0DA98E77669 /* Pods-SixDegrees.debug.xcconfig */,
				316129CB6F0D9E1E2F3A6F2C /* Pods-SixDegrees.release.xcconfig */,
				5A5C0FD86EDD8431BBAD6171 /* Pods-SixDegreesTests.debug.xcconfig */,
				49C297B79FACF06E5BB313B3 /* Pods-SixDegreesTests.release.xcconfig */,
			);
			name = Pods;
			sourceTree = "<group>";
		};
/* End PBXGroup section */

/* Begin PBXNativeTarget section */
		66C8013F1CA977F7002C642A /* SixDegrees */ = {
			isa = PBXNativeTarget;
			buildConfigurationList = 66C801601CA977F7002C642A /* Build configuration list for PBXNativeTarget "SixDegrees" */;
			buildPhases = (
				1193771838FBBD890EC3635C /* [CP] Check Pods Manifest.lock */,
				66C8013C1CA977F7002C642A /* Sources */,
				66C8013D1CA977F7002C642A /* Frameworks */,
				66C8013E1CA977F7002C642A /* Resources */,
				FC74B99543A36D01C36F7FC1 /* [CP] Embed Pods Frameworks */,
				8EE671F77DF6C7DD1E13B1FC /* [CP] Copy Pods Resources */,
			);
			buildRules = (
			);
			dependencies = (
			);
			name = SixDegrees;
			productName = SixDegrees;
			productReference = 66C801401CA977F7002C642A /* SixDegrees.app */;
			productType = "com.apple.product-type.application";
		};
		66C801561CA977F7002C642A /* SixDegreesTests */ = {
			isa = PBXNativeTarget;
			buildConfigurationList = 66C801631CA977F7002C642A /* Build configuration list for PBXNativeTarget "SixDegreesTests" */;
			buildPhases = (
				C94D28281796B24B0D4E0465 /* [CP] Check Pods Manifest.lock */,
				66C801531CA977F7002C642A /* Sources */,
				66C801541CA977F7002C642A /* Frameworks */,
				66C801551CA977F7002C642A /* Resources */,
				40A65440B7821BD897C52F0B /* [CP] Embed Pods Frameworks */,
				416B0F872CE27B95C003893B /* [CP] Copy Pods Resources */,
			);
			buildRules = (
			);
			dependencies = (
				66C801591CA977F7002C642A /* PBXTargetDependency */,
			);
			name = SixDegreesTests;
			productName = SixDegreesTests;
			productReference = 66C801571CA977F7002C642A /* SixDegreesTests.xctest */;
			productType = "com.apple.product-type.bundle.unit-test";
		};
/* End PBXNativeTarget section */

/* Begin PBXProject section */
		66C801381CA977F7002C642A /* Project object */ = {
			isa = PBXProject;
			attributes = {
				LastSwiftUpdateCheck = 0730;
				LastUpgradeCheck = 0810;
				ORGANIZATIONNAME = "Chan Jing Hong";
				TargetAttributes = {
					66C8013F1CA977F7002C642A = {
						CreatedOnToolsVersion = 7.3;
						DevelopmentTeam = FZ33ZRHKL4;
						LastSwiftMigration = 0810;
					};
					66C801561CA977F7002C642A = {
						CreatedOnToolsVersion = 7.3;
						TestTargetID = 66C8013F1CA977F7002C642A;
					};
				};
			};
			buildConfigurationList = 66C8013B1CA977F7002C642A /* Build configuration list for PBXProject "SixDegrees" */;
			compatibilityVersion = "Xcode 3.2";
			developmentRegion = English;
			hasScannedForEncodings = 0;
			knownRegions = (
				en,
				Base,
			);
			mainGroup = 66C801371CA977F7002C642A;
			productRefGroup = 66C801411CA977F7002C642A /* Products */;
			projectDirPath = "";
			projectRoot = "";
			targets = (
				66C8013F1CA977F7002C642A /* SixDegrees */,
				66C801561CA977F7002C642A /* SixDegreesTests */,
			);
		};
/* End PBXProject section */

/* Begin PBXResourcesBuildPhase section */
		66C8013E1CA977F7002C642A /* Resources */ = {
			isa = PBXResourcesBuildPhase;
			buildActionMask = 2147483647;
			files = (
				66C801511CA977F7002C642A /* LaunchScreen.storyboard in Resources */,
				6686B9DE1CD2FA4600FF1B4B /* 4.png in Resources */,
				66C801671CA97CD1002C642A /* Assets.xcassets in Resources */,
				6686B9DF1CD2FA4600FF1B4B /* 3.png in Resources */,
				66C801491CA977F7002C642A /* Main.storyboard in Resources */,
				6686B9DD1CD2FA4600FF1B4B /* 5.png in Resources */,
				6686B9E01CD2FA4600FF1B4B /* 2.png in Resources */,
				6686B9DB1CD2FA4600FF1B4B /* 7.png in Resources */,
				6686B9DC1CD2FA4600FF1B4B /* 6.png in Resources */,
				6686B9E11CD2FA4600FF1B4B /* 1.png in Resources */,
			);
			runOnlyForDeploymentPostprocessing = 0;
		};
		66C801551CA977F7002C642A /* Resources */ = {
			isa = PBXResourcesBuildPhase;
			buildActionMask = 2147483647;
			files = (
			);
			runOnlyForDeploymentPostprocessing = 0;
		};
/* End PBXResourcesBuildPhase section */

/* Begin PBXShellScriptBuildPhase section */
		1193771838FBBD890EC3635C /* [CP] Check Pods Manifest.lock */ = {
			isa = PBXShellScriptBuildPhase;
			buildActionMask = 2147483647;
			files = (
			);
			inputPaths = (
			);
			name = "[CP] Check Pods Manifest.lock";
			outputPaths = (
			);
			runOnlyForDeploymentPostprocessing = 0;
			shellPath = /bin/sh;
			shellScript = "diff \"${PODS_ROOT}/../Podfile.lock\" \"${PODS_ROOT}/Manifest.lock\" > /dev/null\nif [ $? != 0 ] ; then\n    # print error to STDERR\n    echo \"error: The sandbox is not in sync with the Podfile.lock. Run 'pod install' or update your CocoaPods installation.\" >&2\n    exit 1\nfi\n";
			showEnvVarsInLog = 0;
		};
		40A65440B7821BD897C52F0B /* [CP] Embed Pods Frameworks */ = {
			isa = PBXShellScriptBuildPhase;
			buildActionMask = 2147483647;
			files = (
			);
			inputPaths = (
			);
			name = "[CP] Embed Pods Frameworks";
			outputPaths = (
			);
			runOnlyForDeploymentPostprocessing = 0;
			shellPath = /bin/sh;
			shellScript = "\"${SRCROOT}/Pods/Target Support Files/Pods-SixDegreesTests/Pods-SixDegreesTests-frameworks.sh\"\n";
			showEnvVarsInLog = 0;
		};
		416B0F872CE27B95C003893B /* [CP] Copy Pods Resources */ = {
			isa = PBXShellScriptBuildPhase;
			buildActionMask = 2147483647;
			files = (
			);
			inputPaths = (
			);
			name = "[CP] Copy Pods Resources";
			outputPaths = (
			);
			runOnlyForDeploymentPostprocessing = 0;
			shellPath = /bin/sh;
			shellScript = "\"${SRCROOT}/Pods/Target Support Files/Pods-SixDegreesTests/Pods-SixDegreesTests-resources.sh\"\n";
			showEnvVarsInLog = 0;
		};
		8EE671F77DF6C7DD1E13B1FC /* [CP] Copy Pods Resources */ = {
			isa = PBXShellScriptBuildPhase;
			buildActionMask = 2147483647;
			files = (
			);
			inputPaths = (
			);
			name = "[CP] Copy Pods Resources";
			outputPaths = (
			);
			runOnlyForDeploymentPostprocessing = 0;
			shellPath = /bin/sh;
			shellScript = "\"${SRCROOT}/Pods/Target Support Files/Pods-SixDegrees/Pods-SixDegrees-resources.sh\"\n";
			showEnvVarsInLog = 0;
		};
		C94D28281796B24B0D4E0465 /* [CP] Check Pods Manifest.lock */ = {
			isa = PBXShellScriptBuildPhase;
			buildActionMask = 2147483647;
			files = (
			);
			inputPaths = (
			);
			name = "[CP] Check Pods Manifest.lock";
			outputPaths = (
			);
			runOnlyForDeploymentPostprocessing = 0;
			shellPath = /bin/sh;
			shellScript = "diff \"${PODS_ROOT}/../Podfile.lock\" \"${PODS_ROOT}/Manifest.lock\" > /dev/null\nif [ $? != 0 ] ; then\n    # print error to STDERR\n    echo \"error: The sandbox is not in sync with the Podfile.lock. Run 'pod install' or update your CocoaPods installation.\" >&2\n    exit 1\nfi\n";
			showEnvVarsInLog = 0;
		};
		FC74B99543A36D01C36F7FC1 /* [CP] Embed Pods Frameworks */ = {
			isa = PBXShellScriptBuildPhase;
			buildActionMask = 2147483647;
			files = (
			);
			inputPaths = (
			);
			name = "[CP] Embed Pods Frameworks";
			outputPaths = (
			);
			runOnlyForDeploymentPostprocessing = 0;
			shellPath = /bin/sh;
			shellScript = "\"${SRCROOT}/Pods/Target Support Files/Pods-SixDegrees/Pods-SixDegrees-frameworks.sh\"\n";
			showEnvVarsInLog = 0;
		};
/* End PBXShellScriptBuildPhase section */

/* Begin PBXSourcesBuildPhase section */
		66C8013C1CA977F7002C642A /* Sources */ = {
			isa = PBXSourcesBuildPhase;
			buildActionMask = 2147483647;
			files = (
				66695E981CB792A8006E5489 /* SDGBluetoothManager.swift in Sources */,
				667B4FE71CCEFBE500B1B993 /* SDGConnection.swift in Sources */,
				667B4FE91CCF0E6400B1B993 /* HistoryTableViewCell.swift in Sources */,
				667B4FEB1CCF11BA00B1B993 /* HistoryViewController.swift in Sources */,
				66C801691CA97DA7002C642A /* UserIconView.swift in Sources */,
				6673062C1CD1BA2400FC3DDD /* SimulationTableViewCell.swift in Sources */,
				6686B9E51CD2FEDD00FF1B4B /* TutorialCollectionViewCell.swift in Sources */,
				66C8014C1CA977F7002C642A /* SixDegrees.xcdatamodeld in Sources */,
				669C27C81CAF695200F6E08B /* LocateViewController.swift in Sources */,
				667306291CD1AFE400FC3DDD /* SettingsViewController.swift in Sources */,
				668990F21CC22BE2001C6CB3 /* UserCollectionViewCell.swift in Sources */,
				668990F41CC23521001C6CB3 /* UIColor+JH.swift in Sources */,
				66C801441CA977F7002C642A /* AppDelegate.swift in Sources */,
				66E633321CD340FB0047B8E0 /* CenterCellCollectionViewFlowLayout.swift in Sources */,
				66695E8E1CB61B80006E5489 /* SDGContactsController.swift in Sources */,
				6686B9E31CD2FA8900FF1B4B /* TutorialViewController.swift in Sources */,
				66E6F3531CC7948700FA4BFF /* ConnectionsViewController.swift in Sources */,
				66160E681CB8A10A003A87AC /* UIViewController+JH.swift in Sources */,
				669C27CB1CAF6B7400F6E08B /* SDGUser.swift in Sources */,
			);
			runOnlyForDeploymentPostprocessing = 0;
		};
		66C801531CA977F7002C642A /* Sources */ = {
			isa = PBXSourcesBuildPhase;
			buildActionMask = 2147483647;
			files = (
				667AFE861CCB105100D0DDE7 /* SDGTests.swift in Sources */,
			);
			runOnlyForDeploymentPostprocessing = 0;
		};
/* End PBXSourcesBuildPhase section */

/* Begin PBXTargetDependency section */
		66C801591CA977F7002C642A /* PBXTargetDependency */ = {
			isa = PBXTargetDependency;
			target = 66C8013F1CA977F7002C642A /* SixDegrees */;
			targetProxy = 66C801581CA977F7002C642A /* PBXContainerItemProxy */;
		};
/* End PBXTargetDependency section */

/* Begin PBXVariantGroup section */
		66C801471CA977F7002C642A /* Main.storyboard */ = {
			isa = PBXVariantGroup;
			children = (
				66C801481CA977F7002C642A /* Base */,
			);
			name = Main.storyboard;
			sourceTree = "<group>";
		};
		66C8014F1CA977F7002C642A /* LaunchScreen.storyboard */ = {
			isa = PBXVariantGroup;
			children = (
				66C801501CA977F7002C642A /* Base */,
			);
			name = LaunchScreen.storyboard;
			sourceTree = "<group>";
		};
/* End PBXVariantGroup section */

/* Begin XCBuildConfiguration section */
		66C8015E1CA977F7002C642A /* Debug */ = {
			isa = XCBuildConfiguration;
			buildSettings = {
				ALWAYS_SEARCH_USER_PATHS = NO;
				CLANG_ANALYZER_NONNULL = YES;
				CLANG_CXX_LANGUAGE_STANDARD = "gnu++0x";
				CLANG_CXX_LIBRARY = "libc++";
				CLANG_ENABLE_MODULES = YES;
				CLANG_ENABLE_OBJC_ARC = YES;
				CLANG_WARN_BOOL_CONVERSION = YES;
				CLANG_WARN_CONSTANT_CONVERSION = YES;
				CLANG_WARN_DIRECT_OBJC_ISA_USAGE = YES_ERROR;
				CLANG_WARN_EMPTY_BODY = YES;
				CLANG_WARN_ENUM_CONVERSION = YES;
				CLANG_WARN_INFINITE_RECURSION = YES;
				CLANG_WARN_INT_CONVERSION = YES;
				CLANG_WARN_OBJC_ROOT_CLASS = YES_ERROR;
				CLANG_WARN_SUSPICIOUS_MOVE = YES;
				CLANG_WARN_UNREACHABLE_CODE = YES;
				CLANG_WARN__DUPLICATE_METHOD_MATCH = YES;
				"CODE_SIGN_IDENTITY[sdk=iphoneos*]" = "iPhone Developer";
				COPY_PHASE_STRIP = NO;
				DEBUG_INFORMATION_FORMAT = dwarf;
				ENABLE_STRICT_OBJC_MSGSEND = YES;
				ENABLE_TESTABILITY = YES;
				GCC_C_LANGUAGE_STANDARD = gnu99;
				GCC_DYNAMIC_NO_PIC = NO;
				GCC_NO_COMMON_BLOCKS = YES;
				GCC_OPTIMIZATION_LEVEL = 0;
				GCC_PREPROCESSOR_DEFINITIONS = (
					"DEBUG=1",
					"$(inherited)",
				);
				GCC_WARN_64_TO_32_BIT_CONVERSION = YES;
				GCC_WARN_ABOUT_RETURN_TYPE = YES_ERROR;
				GCC_WARN_UNDECLARED_SELECTOR = YES;
				GCC_WARN_UNINITIALIZED_AUTOS = YES_AGGRESSIVE;
				GCC_WARN_UNUSED_FUNCTION = YES;
				GCC_WARN_UNUSED_VARIABLE = YES;
				IPHONEOS_DEPLOYMENT_TARGET = 9.3;
				MTL_ENABLE_DEBUG_INFO = YES;
				ONLY_ACTIVE_ARCH = YES;
				SDKROOT = iphoneos;
				SWIFT_OPTIMIZATION_LEVEL = "-Onone";
			};
			name = Debug;
		};
		66C8015F1CA977F7002C642A /* Release */ = {
			isa = XCBuildConfiguration;
			buildSettings = {
				ALWAYS_SEARCH_USER_PATHS = NO;
				CLANG_ANALYZER_NONNULL = YES;
				CLANG_CXX_LANGUAGE_STANDARD = "gnu++0x";
				CLANG_CXX_LIBRARY = "libc++";
				CLANG_ENABLE_MODULES = YES;
				CLANG_ENABLE_OBJC_ARC = YES;
				CLANG_WARN_BOOL_CONVERSION = YES;
				CLANG_WARN_CONSTANT_CONVERSION = YES;
				CLANG_WARN_DIRECT_OBJC_ISA_USAGE = YES_ERROR;
				CLANG_WARN_EMPTY_BODY = YES;
				CLANG_WARN_ENUM_CONVERSION = YES;
				CLANG_WARN_INFINITE_RECURSION = YES;
				CLANG_WARN_INT_CONVERSION = YES;
				CLANG_WARN_OBJC_ROOT_CLASS = YES_ERROR;
				CLANG_WARN_SUSPICIOUS_MOVE = YES;
				CLANG_WARN_UNREACHABLE_CODE = YES;
				CLANG_WARN__DUPLICATE_METHOD_MATCH = YES;
				"CODE_SIGN_IDENTITY[sdk=iphoneos*]" = "iPhone Developer";
				COPY_PHASE_STRIP = NO;
				DEBUG_INFORMATION_FORMAT = "dwarf-with-dsym";
				ENABLE_NS_ASSERTIONS = NO;
				ENABLE_STRICT_OBJC_MSGSEND = YES;
				GCC_C_LANGUAGE_STANDARD = gnu99;
				GCC_NO_COMMON_BLOCKS = YES;
				GCC_WARN_64_TO_32_BIT_CONVERSION = YES;
				GCC_WARN_ABOUT_RETURN_TYPE = YES_ERROR;
				GCC_WARN_UNDECLARED_SELECTOR = YES;
				GCC_WARN_UNINITIALIZED_AUTOS = YES_AGGRESSIVE;
				GCC_WARN_UNUSED_FUNCTION = YES;
				GCC_WARN_UNUSED_VARIABLE = YES;
				IPHONEOS_DEPLOYMENT_TARGET = 9.3;
				MTL_ENABLE_DEBUG_INFO = NO;
				SDKROOT = iphoneos;
				SWIFT_OPTIMIZATION_LEVEL = "-Owholemodule";
				VALIDATE_PRODUCT = YES;
			};
			name = Release;
		};
		66C801611CA977F7002C642A /* Debug */ = {
			isa = XCBuildConfiguration;
			baseConfigurationReference = 7504CECBD460E0DA98E77669 /* Pods-SixDegrees.debug.xcconfig */;
			buildSettings = {
				ALWAYS_EMBED_SWIFT_STANDARD_LIBRARIES = YES;
				ASSETCATALOG_COMPILER_APPICON_NAME = AppIcon;
				CODE_SIGN_IDENTITY = "iPhone Developer";
				"CODE_SIGN_IDENTITY[sdk=iphoneos*]" = "iPhone Developer";
				FRAMEWORK_SEARCH_PATHS = (
					"$(inherited)",
					"$(PROJECT_DIR)/SixDegrees",
				);
				INFOPLIST_FILE = SixDegrees/Info.plist;
				IPHONEOS_DEPLOYMENT_TARGET = 9.0;
				LD_RUNPATH_SEARCH_PATHS = "$(inherited) @executable_path/Frameworks";
				PRODUCT_BUNDLE_IDENTIFIER = com.jinghong.SixDegrees;
				PRODUCT_NAME = "$(TARGET_NAME)";
				PROVISIONING_PROFILE = "";
				SWIFT_VERSION = 3.0;
			};
			name = Debug;
		};
		66C801621CA977F7002C642A /* Release */ = {
			isa = XCBuildConfiguration;
			baseConfigurationReference = 316129CB6F0D9E1E2F3A6F2C /* Pods-SixDegrees.release.xcconfig */;
			buildSettings = {
				ALWAYS_EMBED_SWIFT_STANDARD_LIBRARIES = YES;
				ASSETCATALOG_COMPILER_APPICON_NAME = AppIcon;
				CODE_SIGN_IDENTITY = "iPhone Developer";
				"CODE_SIGN_IDENTITY[sdk=iphoneos*]" = "iPhone Developer";
				FRAMEWORK_SEARCH_PATHS = (
					"$(inherited)",
					"$(PROJECT_DIR)/SixDegrees",
				);
				INFOPLIST_FILE = SixDegrees/Info.plist;
				IPHONEOS_DEPLOYMENT_TARGET = 9.0;
				LD_RUNPATH_SEARCH_PATHS = "$(inherited) @executable_path/Frameworks";
				PRODUCT_BUNDLE_IDENTIFIER = com.jinghong.SixDegrees;
				PRODUCT_NAME = "$(TARGET_NAME)";
				PROVISIONING_PROFILE = "";
				SWIFT_VERSION = 3.0;
			};
			name = Release;
		};
		66C801641CA977F7002C642A /* Debug */ = {
			isa = XCBuildConfiguration;
			baseConfigurationReference = 5A5C0FD86EDD8431BBAD6171 /* Pods-SixDegreesTests.debug.xcconfig */;
			buildSettings = {
				BUNDLE_LOADER = "$(TEST_HOST)";
				INFOPLIST_FILE = SixDegreesTests/Info.plist;
				LD_RUNPATH_SEARCH_PATHS = "$(inherited) @executable_path/Frameworks @loader_path/Frameworks";
				PRODUCT_BUNDLE_IDENTIFIER = com.jinghong.SixDegreesTests;
				PRODUCT_NAME = "$(TARGET_NAME)";
				TEST_HOST = "$(BUILT_PRODUCTS_DIR)/SixDegrees.app/SixDegrees";
			};
			name = Debug;
		};
		66C801651CA977F7002C642A /* Release */ = {
			isa = XCBuildConfiguration;
			baseConfigurationReference = 49C297B79FACF06E5BB313B3 /* Pods-SixDegreesTests.release.xcconfig */;
			buildSettings = {
				BUNDLE_LOADER = "$(TEST_HOST)";
				INFOPLIST_FILE = SixDegreesTests/Info.plist;
				LD_RUNPATH_SEARCH_PATHS = "$(inherited) @executable_path/Frameworks @loader_path/Frameworks";
				PRODUCT_BUNDLE_IDENTIFIER = com.jinghong.SixDegreesTests;
				PRODUCT_NAME = "$(TARGET_NAME)";
				TEST_HOST = "$(BUILT_PRODUCTS_DIR)/SixDegrees.app/SixDegrees";
			};
			name = Release;
		};
/* End XCBuildConfiguration section */

/* Begin XCConfigurationList section */
		66C8013B1CA977F7002C642A /* Build configuration list for PBXProject "SixDegrees" */ = {
			isa = XCConfigurationList;
			buildConfigurations = (
				66C8015E1CA977F7002C642A /* Debug */,
				66C8015F1CA977F7002C642A /* Release */,
			);
			defaultConfigurationIsVisible = 0;
			defaultConfigurationName = Release;
		};
		66C801601CA977F7002C642A /* Build configuration list for PBXNativeTarget "SixDegrees" */ = {
			isa = XCConfigurationList;
			buildConfigurations = (
				66C801611CA977F7002C642A /* Debug */,
				66C801621CA977F7002C642A /* Release */,
			);
			defaultConfigurationIsVisible = 0;
			defaultConfigurationName = Release;
		};
		66C801631CA977F7002C642A /* Build configuration list for PBXNativeTarget "SixDegreesTests" */ = {
			isa = XCConfigurationList;
			buildConfigurations = (
				66C801641CA977F7002C642A /* Debug */,
				66C801651CA977F7002C642A /* Release */,
			);
			defaultConfigurationIsVisible = 0;
			defaultConfigurationName = Release;
		};
/* End XCConfigurationList section */

/* Begin XCVersionGroup section */
		66C8014A1CA977F7002C642A /* SixDegrees.xcdatamodeld */ = {
			isa = XCVersionGroup;
			children = (
				66C8014B1CA977F7002C642A /* SixDegrees.xcdatamodel */,
			);
			currentVersion = 66C8014B1CA977F7002C642A /* SixDegrees.xcdatamodel */;
			path = SixDegrees.xcdatamodeld;
			sourceTree = "<group>";
			versionGroupType = wrapper.xcdatamodel;
		};
/* End XCVersionGroup section */
	};
	rootObject = 66C801381CA977F7002C642A /* Project object */;
}
